// !$*UTF8*$!
{
	archiveVersion = 1;
	classes = {
	};
	objectVersion = 56;
	objects = {

/* Begin PBXBuildFile section */
		5C4F67A52BBCD8CC00D38842 /* RK_playgroundApp.swift in Sources */ = {isa = PBXBuildFile; fileRef = 5C4F67A42BBCD8CC00D38842 /* RK_playgroundApp.swift */; };
		5C4F67A92BBCD8CE00D38842 /* Assets.xcassets in Resources */ = {isa = PBXBuildFile; fileRef = 5C4F67A82BBCD8CE00D38842 /* Assets.xcassets */; };
		5C4F67AC2BBCD8CE00D38842 /* Preview Assets.xcassets in Resources */ = {isa = PBXBuildFile; fileRef = 5C4F67AB2BBCD8CE00D38842 /* Preview Assets.xcassets */; };
		5C4F67B42BBCDA0B00D38842 /* ComposableArchitecture in Frameworks */ = {isa = PBXBuildFile; productRef = 5C4F67B32BBCDA0B00D38842 /* ComposableArchitecture */; };
		5CB9B1312BBCED81004C650D /* CounterFeature.swift in Sources */ = {isa = PBXBuildFile; fileRef = 5CB9B1302BBCED81004C650D /* CounterFeature.swift */; };
		5CB9B1352BBCF68B004C650D /* Color+Extension.swift in Sources */ = {isa = PBXBuildFile; fileRef = 5CB9B1342BBCF68B004C650D /* Color+Extension.swift */; };
		5CB9B1382BBCFE0D004C650D /* ContentView.swift in Sources */ = {isa = PBXBuildFile; fileRef = 5CB9B1372BBCFE0D004C650D /* ContentView.swift */; };
		5CB9B13B2BBCFEC6004C650D /* ItemData.swift in Sources */ = {isa = PBXBuildFile; fileRef = 5CB9B13A2BBCFEC6004C650D /* ItemData.swift */; };
		5CB9B13D2BBD00A4004C650D /* ItemsProvider.swift in Sources */ = {isa = PBXBuildFile; fileRef = 5CB9B13C2BBD00A4004C650D /* ItemsProvider.swift */; };
		5CB9B13F2BBD032D004C650D /* RKView.swift in Sources */ = {isa = PBXBuildFile; fileRef = 5CB9B13E2BBD032D004C650D /* RKView.swift */; };
		5CB9B1432BBD1FF2004C650D /* Common.swift in Sources */ = {isa = PBXBuildFile; fileRef = 5CB9B1422BBD1FF2004C650D /* Common.swift */; };
		5CB9B1452BBD2085004C650D /* NavigationBarModifier.swift in Sources */ = {isa = PBXBuildFile; fileRef = 5CB9B1442BBD2085004C650D /* NavigationBarModifier.swift */; };
		5CB9B1472BBD20D1004C650D /* View+Extension.swift in Sources */ = {isa = PBXBuildFile; fileRef = 5CB9B1462BBD20D1004C650D /* View+Extension.swift */; };
		5CB9B1492BBD2110004C650D /* ItemRowView.swift in Sources */ = {isa = PBXBuildFile; fileRef = 5CB9B1482BBD2110004C650D /* ItemRowView.swift */; };
		5CB9B14B2BBD216E004C650D /* Date+Extension.swift in Sources */ = {isa = PBXBuildFile; fileRef = 5CB9B14A2BBD216E004C650D /* Date+Extension.swift */; };
		5CBA1E592BBCE2E400182BA2 /* CounterView.swift in Sources */ = {isa = PBXBuildFile; fileRef = 5CBA1E582BBCE2E400182BA2 /* CounterView.swift */; };
/* End PBXBuildFile section */

/* Begin PBXFileReference section */
		5C4F67A12BBCD8CC00D38842 /* RK_playground.app */ = {isa = PBXFileReference; explicitFileType = wrapper.application; includeInIndex = 0; path = RK_playground.app; sourceTree = BUILT_PRODUCTS_DIR; };
		5C4F67A42BBCD8CC00D38842 /* RK_playgroundApp.swift */ = {isa = PBXFileReference; lastKnownFileType = sourcecode.swift; path = RK_playgroundApp.swift; sourceTree = "<group>"; };
		5C4F67A82BBCD8CE00D38842 /* Assets.xcassets */ = {isa = PBXFileReference; lastKnownFileType = folder.assetcatalog; path = Assets.xcassets; sourceTree = "<group>"; };
		5C4F67AB2BBCD8CE00D38842 /* Preview Assets.xcassets */ = {isa = PBXFileReference; lastKnownFileType = folder.assetcatalog; path = "Preview Assets.xcassets"; sourceTree = "<group>"; };
		5C5421252BBE6B7500561279 /* RK-playground-Info.plist */ = {isa = PBXFileReference; lastKnownFileType = text.plist; path = "RK-playground-Info.plist"; sourceTree = SOURCE_ROOT; };
		5CB9B1302BBCED81004C650D /* CounterFeature.swift */ = {isa = PBXFileReference; lastKnownFileType = sourcecode.swift; path = CounterFeature.swift; sourceTree = "<group>"; };
		5CB9B1342BBCF68B004C650D /* Color+Extension.swift */ = {isa = PBXFileReference; lastKnownFileType = sourcecode.swift; path = "Color+Extension.swift"; sourceTree = "<group>"; };
		5CB9B1372BBCFE0D004C650D /* ContentView.swift */ = {isa = PBXFileReference; lastKnownFileType = sourcecode.swift; path = ContentView.swift; sourceTree = "<group>"; };
		5CB9B13A2BBCFEC6004C650D /* ItemData.swift */ = {isa = PBXFileReference; lastKnownFileType = sourcecode.swift; path = ItemData.swift; sourceTree = "<group>"; };
		5CB9B13C2BBD00A4004C650D /* ItemsProvider.swift */ = {isa = PBXFileReference; lastKnownFileType = sourcecode.swift; path = ItemsProvider.swift; sourceTree = "<group>"; };
		5CB9B13E2BBD032D004C650D /* RKView.swift */ = {isa = PBXFileReference; lastKnownFileType = sourcecode.swift; path = RKView.swift; sourceTree = "<group>"; };
		5CB9B1422BBD1FF2004C650D /* Common.swift */ = {isa = PBXFileReference; lastKnownFileType = sourcecode.swift; path = Common.swift; sourceTree = "<group>"; };
		5CB9B1442BBD2085004C650D /* NavigationBarModifier.swift */ = {isa = PBXFileReference; lastKnownFileType = sourcecode.swift; path = NavigationBarModifier.swift; sourceTree = "<group>"; };
		5CB9B1462BBD20D1004C650D /* View+Extension.swift */ = {isa = PBXFileReference; lastKnownFileType = sourcecode.swift; path = "View+Extension.swift"; sourceTree = "<group>"; };
		5CB9B1482BBD2110004C650D /* ItemRowView.swift */ = {isa = PBXFileReference; lastKnownFileType = sourcecode.swift; path = ItemRowView.swift; sourceTree = "<group>"; };
		5CB9B14A2BBD216E004C650D /* Date+Extension.swift */ = {isa = PBXFileReference; lastKnownFileType = sourcecode.swift; path = "Date+Extension.swift"; sourceTree = "<group>"; };
		5CBA1E582BBCE2E400182BA2 /* CounterView.swift */ = {isa = PBXFileReference; lastKnownFileType = sourcecode.swift; path = CounterView.swift; sourceTree = "<group>"; };
/* End PBXFileReference section */

/* Begin PBXFrameworksBuildPhase section */
		5C4F679E2BBCD8CC00D38842 /* Frameworks */ = {
			isa = PBXFrameworksBuildPhase;
			buildActionMask = 2147483647;
			files = (
				5C4F67B42BBCDA0B00D38842 /* ComposableArchitecture in Frameworks */,
			);
			runOnlyForDeploymentPostprocessing = 0;
		};
/* End PBXFrameworksBuildPhase section */

/* Begin PBXGroup section */
		5C4F67982BBCD8CC00D38842 = {
			isa = PBXGroup;
			children = (
				5C4F67A32BBCD8CC00D38842 /* RK_playground */,
				5C4F67A22BBCD8CC00D38842 /* Products */,
			);
			sourceTree = "<group>";
		};
		5C4F67A22BBCD8CC00D38842 /* Products */ = {
			isa = PBXGroup;
			children = (
				5C4F67A12BBCD8CC00D38842 /* RK_playground.app */,
			);
			name = Products;
			sourceTree = "<group>";
		};
		5C4F67A32BBCD8CC00D38842 /* RK_playground */ = {
			isa = PBXGroup;
			children = (
				5C5421252BBE6B7500561279 /* RK-playground-Info.plist */,
				5C4F67B52BBCDA3300D38842 /* App */,
				5CB9B1362BBCFD01004C650D /* Shared */,
				5C4F67B62BBCDA3F00D38842 /* Feature */,
				5CB9B1322BBCF65D004C650D /* Common */,
				5C4F67A82BBCD8CE00D38842 /* Assets.xcassets */,
				5C4F67AA2BBCD8CE00D38842 /* Preview Content */,
			);
			path = RK_playground;
			sourceTree = "<group>";
		};
		5C4F67AA2BBCD8CE00D38842 /* Preview Content */ = {
			isa = PBXGroup;
			children = (
				5C4F67AB2BBCD8CE00D38842 /* Preview Assets.xcassets */,
			);
			path = "Preview Content";
			sourceTree = "<group>";
		};
		5C4F67B52BBCDA3300D38842 /* App */ = {
			isa = PBXGroup;
			children = (
				5C4F67A42BBCD8CC00D38842 /* RK_playgroundApp.swift */,
			);
			path = App;
			sourceTree = "<group>";
		};
		5C4F67B62BBCDA3F00D38842 /* Feature */ = {
			isa = PBXGroup;
			children = (
				5CBA1E572BBCE2CE00182BA2 /* Counter */,
			);
			path = Feature;
			sourceTree = "<group>";
		};
		5CB9B1322BBCF65D004C650D /* Common */ = {
			isa = PBXGroup;
			children = (
				5CB9B1332BBCF67A004C650D /* Extension */,
				5CB9B1422BBD1FF2004C650D /* Common.swift */,
				5CB9B1442BBD2085004C650D /* NavigationBarModifier.swift */,
			);
			path = Common;
			sourceTree = "<group>";
		};
		5CB9B1332BBCF67A004C650D /* Extension */ = {
			isa = PBXGroup;
			children = (
				5CB9B1342BBCF68B004C650D /* Color+Extension.swift */,
				5CB9B1462BBD20D1004C650D /* View+Extension.swift */,
				5CB9B14A2BBD216E004C650D /* Date+Extension.swift */,
			);
			path = Extension;
			sourceTree = "<group>";
		};
		5CB9B1362BBCFD01004C650D /* Shared */ = {
			isa = PBXGroup;
			children = (
				5CB9B1392BBCFE87004C650D /* Model */,
				5CB9B14C2BBD33BA004C650D /* Provider */,
				5CB9B1482BBD2110004C650D /* ItemRowView.swift */,
				5CB9B1372BBCFE0D004C650D /* ContentView.swift */,
			);
			path = Shared;
			sourceTree = "<group>";
		};
		5CB9B1392BBCFE87004C650D /* Model */ = {
			isa = PBXGroup;
			children = (
				5CB9B13A2BBCFEC6004C650D /* ItemData.swift */,
				5CB9B13E2BBD032D004C650D /* RKView.swift */,
			);
			path = Model;
			sourceTree = "<group>";
		};
		5CB9B14C2BBD33BA004C650D /* Provider */ = {
			isa = PBXGroup;
			children = (
				5CB9B13C2BBD00A4004C650D /* ItemsProvider.swift */,
			);
			path = Provider;
			sourceTree = "<group>";
		};
		5CBA1E572BBCE2CE00182BA2 /* Counter */ = {
			isa = PBXGroup;
			children = (
				5CBA1E582BBCE2E400182BA2 /* CounterView.swift */,
				5CB9B1302BBCED81004C650D /* CounterFeature.swift */,
			);
			path = Counter;
			sourceTree = "<group>";
		};
/* End PBXGroup section */

/* Begin PBXNativeTarget section */
		5C4F67A02BBCD8CC00D38842 /* RK_playground */ = {
			isa = PBXNativeTarget;
			buildConfigurationList = 5C4F67AF2BBCD8CE00D38842 /* Build configuration list for PBXNativeTarget "RK_playground" */;
			buildPhases = (
				5C4F679D2BBCD8CC00D38842 /* Sources */,
				5C4F679E2BBCD8CC00D38842 /* Frameworks */,
				5C4F679F2BBCD8CC00D38842 /* Resources */,
			);
			buildRules = (
			);
			dependencies = (
			);
			name = RK_playground;
			packageProductDependencies = (
				5C4F67B32BBCDA0B00D38842 /* ComposableArchitecture */,
			);
			productName = TCA_playground;
			productReference = 5C4F67A12BBCD8CC00D38842 /* RK_playground.app */;
			productType = "com.apple.product-type.application";
		};
/* End PBXNativeTarget section */

/* Begin PBXProject section */
		5C4F67992BBCD8CC00D38842 /* Project object */ = {
			isa = PBXProject;
			attributes = {
				BuildIndependentTargetsInParallel = 1;
				LastSwiftUpdateCheck = 1530;
				LastUpgradeCheck = 1530;
				TargetAttributes = {
					5C4F67A02BBCD8CC00D38842 = {
						CreatedOnToolsVersion = 15.3;
					};
				};
			};
			buildConfigurationList = 5C4F679C2BBCD8CC00D38842 /* Build configuration list for PBXProject "RK_playground" */;
			compatibilityVersion = "Xcode 14.0";
			developmentRegion = en;
			hasScannedForEncodings = 0;
			knownRegions = (
				en,
				Base,
			);
			mainGroup = 5C4F67982BBCD8CC00D38842;
			packageReferences = (
				5C4F67B22BBCDA0B00D38842 /* XCRemoteSwiftPackageReference "swift-composable-architecture" */,
			);
			productRefGroup = 5C4F67A22BBCD8CC00D38842 /* Products */;
			projectDirPath = "";
			projectRoot = "";
			targets = (
				5C4F67A02BBCD8CC00D38842 /* RK_playground */,
			);
		};
/* End PBXProject section */

/* Begin PBXResourcesBuildPhase section */
		5C4F679F2BBCD8CC00D38842 /* Resources */ = {
			isa = PBXResourcesBuildPhase;
			buildActionMask = 2147483647;
			files = (
				5C4F67AC2BBCD8CE00D38842 /* Preview Assets.xcassets in Resources */,
				5C4F67A92BBCD8CE00D38842 /* Assets.xcassets in Resources */,
			);
			runOnlyForDeploymentPostprocessing = 0;
		};
/* End PBXResourcesBuildPhase section */

/* Begin PBXSourcesBuildPhase section */
		5C4F679D2BBCD8CC00D38842 /* Sources */ = {
			isa = PBXSourcesBuildPhase;
			buildActionMask = 2147483647;
			files = (
				5CB9B1492BBD2110004C650D /* ItemRowView.swift in Sources */,
				5CB9B1452BBD2085004C650D /* NavigationBarModifier.swift in Sources */,
				5CB9B13B2BBCFEC6004C650D /* ItemData.swift in Sources */,
				5CB9B1352BBCF68B004C650D /* Color+Extension.swift in Sources */,
				5CB9B1382BBCFE0D004C650D /* ContentView.swift in Sources */,
				5C4F67A52BBCD8CC00D38842 /* RK_playgroundApp.swift in Sources */,
				5CB9B13D2BBD00A4004C650D /* ItemsProvider.swift in Sources */,
				5CBA1E592BBCE2E400182BA2 /* CounterView.swift in Sources */,
				5CB9B1312BBCED81004C650D /* CounterFeature.swift in Sources */,
				5CB9B1432BBD1FF2004C650D /* Common.swift in Sources */,
				5CB9B14B2BBD216E004C650D /* Date+Extension.swift in Sources */,
				5CB9B1472BBD20D1004C650D /* View+Extension.swift in Sources */,
				5CB9B13F2BBD032D004C650D /* RKView.swift in Sources */,
			);
			runOnlyForDeploymentPostprocessing = 0;
		};
/* End PBXSourcesBuildPhase section */

/* Begin XCBuildConfiguration section */
		5C4F67AD2BBCD8CE00D38842 /* Debug */ = {
			isa = XCBuildConfiguration;
			buildSettings = {
				ALWAYS_SEARCH_USER_PATHS = NO;
				ASSETCATALOG_COMPILER_GENERATE_SWIFT_ASSET_SYMBOL_EXTENSIONS = YES;
				CLANG_ANALYZER_NONNULL = YES;
				CLANG_ANALYZER_NUMBER_OBJECT_CONVERSION = YES_AGGRESSIVE;
				CLANG_CXX_LANGUAGE_STANDARD = "gnu++20";
				CLANG_ENABLE_MODULES = YES;
				CLANG_ENABLE_OBJC_ARC = YES;
				CLANG_ENABLE_OBJC_WEAK = YES;
				CLANG_WARN_BLOCK_CAPTURE_AUTORELEASING = YES;
				CLANG_WARN_BOOL_CONVERSION = YES;
				CLANG_WARN_COMMA = YES;
				CLANG_WARN_CONSTANT_CONVERSION = YES;
				CLANG_WARN_DEPRECATED_OBJC_IMPLEMENTATIONS = YES;
				CLANG_WARN_DIRECT_OBJC_ISA_USAGE = YES_ERROR;
				CLANG_WARN_DOCUMENTATION_COMMENTS = YES;
				CLANG_WARN_EMPTY_BODY = YES;
				CLANG_WARN_ENUM_CONVERSION = YES;
				CLANG_WARN_INFINITE_RECURSION = YES;
				CLANG_WARN_INT_CONVERSION = YES;
				CLANG_WARN_NON_LITERAL_NULL_CONVERSION = YES;
				CLANG_WARN_OBJC_IMPLICIT_RETAIN_SELF = YES;
				CLANG_WARN_OBJC_LITERAL_CONVERSION = YES;
				CLANG_WARN_OBJC_ROOT_CLASS = YES_ERROR;
				CLANG_WARN_QUOTED_INCLUDE_IN_FRAMEWORK_HEADER = YES;
				CLANG_WARN_RANGE_LOOP_ANALYSIS = YES;
				CLANG_WARN_STRICT_PROTOTYPES = YES;
				CLANG_WARN_SUSPICIOUS_MOVE = YES;
				CLANG_WARN_UNGUARDED_AVAILABILITY = YES_AGGRESSIVE;
				CLANG_WARN_UNREACHABLE_CODE = YES;
				CLANG_WARN__DUPLICATE_METHOD_MATCH = YES;
				COPY_PHASE_STRIP = NO;
				DEBUG_INFORMATION_FORMAT = dwarf;
				ENABLE_STRICT_OBJC_MSGSEND = YES;
				ENABLE_TESTABILITY = YES;
				ENABLE_USER_SCRIPT_SANDBOXING = YES;
				GCC_C_LANGUAGE_STANDARD = gnu17;
				GCC_DYNAMIC_NO_PIC = NO;
				GCC_NO_COMMON_BLOCKS = YES;
				GCC_OPTIMIZATION_LEVEL = 0;
				GCC_PREPROCESSOR_DEFINITIONS = (
					"DEBUG=1",
					"$(inherited)",
				);
				GCC_WARN_64_TO_32_BIT_CONVERSION = YES;
				GCC_WARN_ABOUT_RETURN_TYPE = YES_ERROR;
				GCC_WARN_UNDECLARED_SELECTOR = YES;
				GCC_WARN_UNINITIALIZED_AUTOS = YES_AGGRESSIVE;
				GCC_WARN_UNUSED_FUNCTION = YES;
				GCC_WARN_UNUSED_VARIABLE = YES;
				IPHONEOS_DEPLOYMENT_TARGET = 17.4;
				LOCALIZATION_PREFERS_STRING_CATALOGS = YES;
				MTL_ENABLE_DEBUG_INFO = INCLUDE_SOURCE;
				MTL_FAST_MATH = YES;
				ONLY_ACTIVE_ARCH = YES;
				SDKROOT = iphoneos;
				SWIFT_ACTIVE_COMPILATION_CONDITIONS = "DEBUG $(inherited)";
				SWIFT_OPTIMIZATION_LEVEL = "-Onone";
			};
			name = Debug;
		};
		5C4F67AE2BBCD8CE00D38842 /* Release */ = {
			isa = XCBuildConfiguration;
			buildSettings = {
				ALWAYS_SEARCH_USER_PATHS = NO;
				ASSETCATALOG_COMPILER_GENERATE_SWIFT_ASSET_SYMBOL_EXTENSIONS = YES;
				CLANG_ANALYZER_NONNULL = YES;
				CLANG_ANALYZER_NUMBER_OBJECT_CONVERSION = YES_AGGRESSIVE;
				CLANG_CXX_LANGUAGE_STANDARD = "gnu++20";
				CLANG_ENABLE_MODULES = YES;
				CLANG_ENABLE_OBJC_ARC = YES;
				CLANG_ENABLE_OBJC_WEAK = YES;
				CLANG_WARN_BLOCK_CAPTURE_AUTORELEASING = YES;
				CLANG_WARN_BOOL_CONVERSION = YES;
				CLANG_WARN_COMMA = YES;
				CLANG_WARN_CONSTANT_CONVERSION = YES;
				CLANG_WARN_DEPRECATED_OBJC_IMPLEMENTATIONS = YES;
				CLANG_WARN_DIRECT_OBJC_ISA_USAGE = YES_ERROR;
				CLANG_WARN_DOCUMENTATION_COMMENTS = YES;
				CLANG_WARN_EMPTY_BODY = YES;
				CLANG_WARN_ENUM_CONVERSION = YES;
				CLANG_WARN_INFINITE_RECURSION = YES;
				CLANG_WARN_INT_CONVERSION = YES;
				CLANG_WARN_NON_LITERAL_NULL_CONVERSION = YES;
				CLANG_WARN_OBJC_IMPLICIT_RETAIN_SELF = YES;
				CLANG_WARN_OBJC_LITERAL_CONVERSION = YES;
				CLANG_WARN_OBJC_ROOT_CLASS = YES_ERROR;
				CLANG_WARN_QUOTED_INCLUDE_IN_FRAMEWORK_HEADER = YES;
				CLANG_WARN_RANGE_LOOP_ANALYSIS = YES;
				CLANG_WARN_STRICT_PROTOTYPES = YES;
				CLANG_WARN_SUSPICIOUS_MOVE = YES;
				CLANG_WARN_UNGUARDED_AVAILABILITY = YES_AGGRESSIVE;
				CLANG_WARN_UNREACHABLE_CODE = YES;
				CLANG_WARN__DUPLICATE_METHOD_MATCH = YES;
				COPY_PHASE_STRIP = NO;
				DEBUG_INFORMATION_FORMAT = "dwarf-with-dsym";
				ENABLE_NS_ASSERTIONS = NO;
				ENABLE_STRICT_OBJC_MSGSEND = YES;
				ENABLE_USER_SCRIPT_SANDBOXING = YES;
				GCC_C_LANGUAGE_STANDARD = gnu17;
				GCC_NO_COMMON_BLOCKS = YES;
				GCC_WARN_64_TO_32_BIT_CONVERSION = YES;
				GCC_WARN_ABOUT_RETURN_TYPE = YES_ERROR;
				GCC_WARN_UNDECLARED_SELECTOR = YES;
				GCC_WARN_UNINITIALIZED_AUTOS = YES_AGGRESSIVE;
				GCC_WARN_UNUSED_FUNCTION = YES;
				GCC_WARN_UNUSED_VARIABLE = YES;
				IPHONEOS_DEPLOYMENT_TARGET = 17.4;
				LOCALIZATION_PREFERS_STRING_CATALOGS = YES;
				MTL_ENABLE_DEBUG_INFO = NO;
				MTL_FAST_MATH = YES;
				SDKROOT = iphoneos;
				SWIFT_COMPILATION_MODE = wholemodule;
				VALIDATE_PRODUCT = YES;
			};
			name = Release;
		};
		5C4F67B02BBCD8CE00D38842 /* Debug */ = {
			isa = XCBuildConfiguration;
			buildSettings = {
				ASSETCATALOG_COMPILER_APPICON_NAME = AppIcon;
				ASSETCATALOG_COMPILER_GLOBAL_ACCENT_COLOR_NAME = AccentColor;
				CODE_SIGN_STYLE = Automatic;
				CURRENT_PROJECT_VERSION = 1;
				DEVELOPMENT_ASSET_PATHS = "\"RK_playground/Preview Content\"";
				DEVELOPMENT_TEAM = RYZ3RA62XL;
				ENABLE_PREVIEWS = YES;
				GENERATE_INFOPLIST_FILE = YES;
				INFOPLIST_FILE = "RK-playground-Info.plist";
				INFOPLIST_KEY_UIApplicationSceneManifest_Generation = YES;
				INFOPLIST_KEY_UIApplicationSupportsIndirectInputEvents = YES;
				INFOPLIST_KEY_UILaunchScreen_Generation = YES;
				INFOPLIST_KEY_UISupportedInterfaceOrientations_iPad = "UIInterfaceOrientationPortrait UIInterfaceOrientationPortraitUpsideDown UIInterfaceOrientationLandscapeLeft UIInterfaceOrientationLandscapeRight";
				INFOPLIST_KEY_UISupportedInterfaceOrientations_iPhone = "UIInterfaceOrientationPortrait UIInterfaceOrientationLandscapeLeft UIInterfaceOrientationLandscapeRight";
				LD_RUNPATH_SEARCH_PATHS = (
					"$(inherited)",
					"@executable_path/Frameworks",
				);
				MARKETING_VERSION = 1.0;
				PRODUCT_BUNDLE_IDENTIFIER = "com.rocky.RK-playground";
				PRODUCT_NAME = "$(TARGET_NAME)";
				SWIFT_EMIT_LOC_STRINGS = YES;
				SWIFT_VERSION = 5.0;
				TARGETED_DEVICE_FAMILY = "1,2";
			};
			name = Debug;
		};
		5C4F67B12BBCD8CE00D38842 /* Release */ = {
			isa = XCBuildConfiguration;
			buildSettings = {
				ASSETCATALOG_COMPILER_APPICON_NAME = AppIcon;
				ASSETCATALOG_COMPILER_GLOBAL_ACCENT_COLOR_NAME = AccentColor;
				CODE_SIGN_STYLE = Automatic;
				CURRENT_PROJECT_VERSION = 1;
				DEVELOPMENT_ASSET_PATHS = "\"RK_playground/Preview Content\"";
				DEVELOPMENT_TEAM = RYZ3RA62XL;
				ENABLE_PREVIEWS = YES;
				GENERATE_INFOPLIST_FILE = YES;
				INFOPLIST_FILE = "RK-playground-Info.plist";
				INFOPLIST_KEY_UIApplicationSceneManifest_Generation = YES;
				INFOPLIST_KEY_UIApplicationSupportsIndirectInputEvents = YES;
				INFOPLIST_KEY_UILaunchScreen_Generation = YES;
				INFOPLIST_KEY_UISupportedInterfaceOrientations_iPad = "UIInterfaceOrientationPortrait UIInterfaceOrientationPortraitUpsideDown UIInterfaceOrientationLandscapeLeft UIInterfaceOrientationLandscapeRight";
				INFOPLIST_KEY_UISupportedInterfaceOrientations_iPhone = "UIInterfaceOrientationPortrait UIInterfaceOrientationLandscapeLeft UIInterfaceOrientationLandscapeRight";
				LD_RUNPATH_SEARCH_PATHS = (
					"$(inherited)",
					"@executable_path/Frameworks",
				);
				MARKETING_VERSION = 1.0;
				PRODUCT_BUNDLE_IDENTIFIER = "com.rocky.RK-playground";
				PRODUCT_NAME = "$(TARGET_NAME)";
				SWIFT_EMIT_LOC_STRINGS = YES;
				SWIFT_VERSION = 5.0;
				TARGETED_DEVICE_FAMILY = "1,2";
			};
			name = Release;
		};
/* End XCBuildConfiguration section */

/* Begin XCConfigurationList section */
		5C4F679C2BBCD8CC00D38842 /* Build configuration list for PBXProject "RK_playground" */ = {
			isa = XCConfigurationList;
			buildConfigurations = (
				5C4F67AD2BBCD8CE00D38842 /* Debug */,
				5C4F67AE2BBCD8CE00D38842 /* Release */,
			);
			defaultConfigurationIsVisible = 0;
			defaultConfigurationName = Release;
		};
		5C4F67AF2BBCD8CE00D38842 /* Build configuration list for PBXNativeTarget "RK_playground" */ = {
			isa = XCConfigurationList;
			buildConfigurations = (
				5C4F67B02BBCD8CE00D38842 /* Debug */,
				5C4F67B12BBCD8CE00D38842 /* Release */,
			);
			defaultConfigurationIsVisible = 0;
			defaultConfigurationName = Release;
		};
/* End XCConfigurationList section */

/* Begin XCRemoteSwiftPackageReference section */
		5C4F67B22BBCDA0B00D38842 /* XCRemoteSwiftPackageReference "swift-composable-architecture" */ = {
			isa = XCRemoteSwiftPackageReference;
			repositoryURL = "https://github.com/pointfreeco/swift-composable-architecture";
			requirement = {
				kind = upToNextMajorVersion;
				minimumVersion = 1.9.2;
			};
		};
/* End XCRemoteSwiftPackageReference section */

/* Begin XCSwiftPackageProductDependency section */
		5C4F67B32BBCDA0B00D38842 /* ComposableArchitecture */ = {
			isa = XCSwiftPackageProductDependency;
			package = 5C4F67B22BBCDA0B00D38842 /* XCRemoteSwiftPackageReference "swift-composable-architecture" */;
			productName = ComposableArchitecture;
		};
/* End XCSwiftPackageProductDependency section */
	};
	rootObject = 5C4F67992BBCD8CC00D38842 /* Project object */;
}
